
Microsoft Visual Studio Solution File, Format Version 12.00
# Visual Studio Version 17
VisualStudioVersion = 17.5.33516.290
MinimumVisualStudioVersion = 10.0.40219.1
Project("{FAE04EC0-301F-11D3-BF4B-00C04F79EFBC}") = "Api_Usuarios_Tarefas", "Api_Usuarios_Tarefas\Api_Usuarios_Tarefas.csproj", "{2E9ADF64-4F21-4BD0-B66C-B744AD516034}"
EndProject
Global
	GlobalSection(SolutionConfigurationPlatforms) = preSolution
		Debug|Any CPU = Debug|Any CPU
		Release|Any CPU = Release|Any CPU
	EndGlobalSection
	GlobalSection(ProjectConfigurationPlatforms) = postSolution
		{2E9ADF64-4F21-4BD0-B66C-B744AD516034}.Debug|Any CPU.ActiveCfg = Debug|Any CPU
		{2E9ADF64-4F21-4BD0-B66C-B744AD516034}.Debug|Any CPU.Build.0 = Debug|Any CPU
		{2E9ADF64-4F21-4BD0-B66C-B744AD516034}.Release|Any CPU.ActiveCfg = Release|Any CPU
		{2E9ADF64-4F21-4BD0-B66C-B744AD516034}.Release|Any CPU.Build.0 = Release|Any CPU
	EndGlobalSection
	GlobalSection(SolutionProperties) = preSolution
		HideSolutionNode = FALSE
	EndGlobalSection
	GlobalSection(ExtensibilityGlobals) = postSolution
		SolutionGuid = {374B100E-2864-4E39-8BD1-707C2CF80462}
	EndGlobalSection
EndGlobal
